
Microsoft Visual Studio Solution File, Format Version 12.00
# Visual Studio Version 17
VisualStudioVersion = 17.10.35027.167
MinimumVisualStudioVersion = 10.0.40219.1
Project("{FAE04EC0-301F-11D3-BF4B-00C04F79EFBC}") = "EA1_ThisTeam", "EA1_ThisTeam.csproj", "{AAADB4F9-ECCB-4817-B830-376EB150208B}"
EndProject
Global
	GlobalSection(SolutionConfigurationPlatforms) = preSolution
		Debug|Any CPU = Debug|Any CPU
		Release|Any CPU = Release|Any CPU
	EndGlobalSection
	GlobalSection(ProjectConfigurationPlatforms) = postSolution
		{AAADB4F9-ECCB-4817-B830-376EB150208B}.Debug|Any CPU.ActiveCfg = Debug|Any CPU
		{AAADB4F9-ECCB-4817-B830-376EB150208B}.Debug|Any CPU.Build.0 = Debug|Any CPU
		{AAADB4F9-ECCB-4817-B830-376EB150208B}.Release|Any CPU.ActiveCfg = Release|Any CPU
		{AAADB4F9-ECCB-4817-B830-376EB150208B}.Release|Any CPU.Build.0 = Release|Any CPU
	EndGlobalSection
	GlobalSection(SolutionProperties) = preSolution
		HideSolutionNode = FALSE
	EndGlobalSection
	GlobalSection(ExtensibilityGlobals) = postSolution
		SolutionGuid = {64EE0F88-56AE-46E0-9ED4-634E28DE4D75}
	EndGlobalSection
EndGlobal
